{
  "name": "example",
  "version": "1.0.0",
  "lockfileVersion": 1,
  "requires": true,
  "dependencies": {
    "creating-node-package": {
      "version": "1.0.0",
      "resolved": "https://registry.npmjs.org/creating-node-package/-/creating-node-package-1.0.0.tgz",
      "integrity": "sha512-dY/MJWp3WUA7w+fStiYywTYkKGCxcUCdzpOiTW4KG5snMO5u7sAmALMCPJ/AfEFBQt81WmyMulGVu5WmxT9APw=="
    }
  }
}
